
Microsoft Visual Studio Solution File, Format Version 12.00
# Visual Studio Version 17
VisualStudioVersion = 17.7.34031.279
MinimumVisualStudioVersion = 10.0.40219.1
Project("{FAE04EC0-301F-11D3-BF4B-00C04F79EFBC}") = "ConsoleApp12", "ConsoleApp12\ConsoleApp12.csproj", "{7FBFB32D-17B3-49C9-BD34-0B5D60C47D8F}"
EndProject
Global
	GlobalSection(SolutionConfigurationPlatforms) = preSolution
		Debug|Any CPU = Debug|Any CPU
		Release|Any CPU = Release|Any CPU
	EndGlobalSection
	GlobalSection(ProjectConfigurationPlatforms) = postSolution
		{7FBFB32D-17B3-49C9-BD34-0B5D60C47D8F}.Debug|Any CPU.ActiveCfg = Debug|Any CPU
		{7FBFB32D-17B3-49C9-BD34-0B5D60C47D8F}.Debug|Any CPU.Build.0 = Debug|Any CPU
		{7FBFB32D-17B3-49C9-BD34-0B5D60C47D8F}.Release|Any CPU.ActiveCfg = Release|Any CPU
		{7FBFB32D-17B3-49C9-BD34-0B5D60C47D8F}.Release|Any CPU.Build.0 = Release|Any CPU
	EndGlobalSection
	GlobalSection(SolutionProperties) = preSolution
		HideSolutionNode = FALSE
	EndGlobalSection
	GlobalSection(ExtensibilityGlobals) = postSolution
		SolutionGuid = {B392DB57-7CC6-45EB-9A85-29790BF3D3BA}
	EndGlobalSection
EndGlobal
